
Microsoft Visual Studio Solution File, Format Version 12.00
# Visual Studio 15
VisualStudioVersion = 15.0.28010.2003
MinimumVisualStudioVersion = 10.0.40219.1
Project("{FAE04EC0-301F-11D3-BF4B-00C04F79EFBC}") = "BoVoyage2", "BoVoyage2\BoVoyage2.csproj", "{D645E0FE-12A0-46DF-B373-3C44645EABCD}"
EndProject
Global
	GlobalSection(SolutionConfigurationPlatforms) = preSolution
		Debug|Any CPU = Debug|Any CPU
		Release|Any CPU = Release|Any CPU
	EndGlobalSection
	GlobalSection(ProjectConfigurationPlatforms) = postSolution
		{D645E0FE-12A0-46DF-B373-3C44645EABCD}.Debug|Any CPU.ActiveCfg = Debug|Any CPU
		{D645E0FE-12A0-46DF-B373-3C44645EABCD}.Debug|Any CPU.Build.0 = Debug|Any CPU
		{D645E0FE-12A0-46DF-B373-3C44645EABCD}.Release|Any CPU.ActiveCfg = Release|Any CPU
		{D645E0FE-12A0-46DF-B373-3C44645EABCD}.Release|Any CPU.Build.0 = Release|Any CPU
	EndGlobalSection
	GlobalSection(SolutionProperties) = preSolution
		HideSolutionNode = FALSE
	EndGlobalSection
	GlobalSection(ExtensibilityGlobals) = postSolution
		SolutionGuid = {47D7955E-C321-4181-B80E-6711F2E1C7DD}
	EndGlobalSection
EndGlobal
